
Microsoft Visual Studio Solution File, Format Version 12.00
# Visual Studio Version 17
VisualStudioVersion = 17.5.33516.290
MinimumVisualStudioVersion = 10.0.40219.1
Project("{9A19103F-16F7-4668-BE54-9A1E7A4F7556}") = "MovieCatalog", "MovieCatalog\MovieCatalog.csproj", "{F1477360-E4BC-4DAF-874C-478A38979ACD}"
EndProject
Project("{FAE04EC0-301F-11D3-BF4B-00C04F79EFBC}") = "MovieCatalog.UnitTests", "MovieCatalog.UnitTests\MovieCatalog.UnitTests.csproj", "{7520CFFC-33D9-436A-BA36-0C7FD49DC931}"
EndProject
Global
	GlobalSection(SolutionConfigurationPlatforms) = preSolution
		Debug|Any CPU = Debug|Any CPU
		Release|Any CPU = Release|Any CPU
	EndGlobalSection
	GlobalSection(ProjectConfigurationPlatforms) = postSolution
		{F1477360-E4BC-4DAF-874C-478A38979ACD}.Debug|Any CPU.ActiveCfg = Debug|Any CPU
		{F1477360-E4BC-4DAF-874C-478A38979ACD}.Debug|Any CPU.Build.0 = Debug|Any CPU
		{F1477360-E4BC-4DAF-874C-478A38979ACD}.Release|Any CPU.ActiveCfg = Release|Any CPU
		{F1477360-E4BC-4DAF-874C-478A38979ACD}.Release|Any CPU.Build.0 = Release|Any CPU
		{7520CFFC-33D9-436A-BA36-0C7FD49DC931}.Debug|Any CPU.ActiveCfg = Debug|Any CPU
		{7520CFFC-33D9-436A-BA36-0C7FD49DC931}.Debug|Any CPU.Build.0 = Debug|Any CPU
		{7520CFFC-33D9-436A-BA36-0C7FD49DC931}.Release|Any CPU.ActiveCfg = Release|Any CPU
		{7520CFFC-33D9-436A-BA36-0C7FD49DC931}.Release|Any CPU.Build.0 = Release|Any CPU
	EndGlobalSection
	GlobalSection(SolutionProperties) = preSolution
		HideSolutionNode = FALSE
	EndGlobalSection
	GlobalSection(ExtensibilityGlobals) = postSolution
		SolutionGuid = {17D40AB6-2DEB-41A4-B14C-CC24B0CE8658}
	EndGlobalSection
EndGlobal
